
Microsoft Visual Studio Solution File, Format Version 12.00
# Visual Studio Version 16
VisualStudioVersion = 16.0.32228.343
MinimumVisualStudioVersion = 10.0.40219.1
Project("{FAE04EC0-301F-11D3-BF4B-00C04F79EFBC}") = "OrderServiceWinForm", "OrderServiceWinForm.csproj", "{E9B91731-22B9-4C3C-B7E6-DFCDA42826AA}"
EndProject
Project("{FAE04EC0-301F-11D3-BF4B-00C04F79EFBC}") = "Homework6", "..\OrderSystem\Homework6.csproj", "{79E706D9-09F2-42E4-82A5-6C6FEEACC354}"
EndProject
Global
	GlobalSection(SolutionConfigurationPlatforms) = preSolution
		Debug|Any CPU = Debug|Any CPU
		Release|Any CPU = Release|Any CPU
	EndGlobalSection
	GlobalSection(ProjectConfigurationPlatforms) = postSolution
		{E9B91731-22B9-4C3C-B7E6-DFCDA42826AA}.Debug|Any CPU.ActiveCfg = Debug|Any CPU
		{E9B91731-22B9-4C3C-B7E6-DFCDA42826AA}.Debug|Any CPU.Build.0 = Debug|Any CPU
		{E9B91731-22B9-4C3C-B7E6-DFCDA42826AA}.Release|Any CPU.ActiveCfg = Release|Any CPU
		{E9B91731-22B9-4C3C-B7E6-DFCDA42826AA}.Release|Any CPU.Build.0 = Release|Any CPU
		{79E706D9-09F2-42E4-82A5-6C6FEEACC354}.Debug|Any CPU.ActiveCfg = Debug|Any CPU
		{79E706D9-09F2-42E4-82A5-6C6FEEACC354}.Debug|Any CPU.Build.0 = Debug|Any CPU
		{79E706D9-09F2-42E4-82A5-6C6FEEACC354}.Release|Any CPU.ActiveCfg = Release|Any CPU
		{79E706D9-09F2-42E4-82A5-6C6FEEACC354}.Release|Any CPU.Build.0 = Release|Any CPU
	EndGlobalSection
	GlobalSection(SolutionProperties) = preSolution
		HideSolutionNode = FALSE
	EndGlobalSection
	GlobalSection(ExtensibilityGlobals) = postSolution
		SolutionGuid = {13A12788-577D-47DE-9673-AEB8FD3501D8}
	EndGlobalSection
EndGlobal
